
Microsoft Visual Studio Solution File, Format Version 12.00
# Visual Studio Version 17
VisualStudioVersion = 17.12.35707.178
MinimumVisualStudioVersion = 10.0.40219.1
Project("{FAE04EC0-301F-11D3-BF4B-00C04F79EFBC}") = "TasksToDoHasitha.Android", "TasksToDoHasitha\TasksToDoHasitha.Android\TasksToDoHasitha.Android.csproj", "{FEFB928E-CB21-44C5-BF2F-5B60DF48F2E8}"
EndProject
Project("{FAE04EC0-301F-11D3-BF4B-00C04F79EFBC}") = "TasksToDoHasitha.iOS", "TasksToDoHasitha\TasksToDoHasitha.iOS\TasksToDoHasitha.iOS.csproj", "{B17A79F3-71A9-441A-91AD-E456CD3E6DA9}"
EndProject
Project("{FAE04EC0-301F-11D3-BF4B-00C04F79EFBC}") = "TasksToDoHasitha", "TasksToDoHasitha\TasksToDoHasitha\TasksToDoHasitha.csproj", "{D8597834-47C1-4714-86EE-751CA5FC30E2}"
EndProject
Project("{FAE04EC0-301F-11D3-BF4B-00C04F79EFBC}") = "TestTasks", "TestTasks\TestTasks.csproj", "{8246DEE9-EA61-42AF-962B-B7F29B1EEE64}"
EndProject
Global
	GlobalSection(SolutionConfigurationPlatforms) = preSolution
		Debug|Any CPU = Debug|Any CPU
		Release|Any CPU = Release|Any CPU
	EndGlobalSection
	GlobalSection(ProjectConfigurationPlatforms) = postSolution
		{FEFB928E-CB21-44C5-BF2F-5B60DF48F2E8}.Debug|Any CPU.ActiveCfg = Debug|Any CPU
		{FEFB928E-CB21-44C5-BF2F-5B60DF48F2E8}.Debug|Any CPU.Build.0 = Debug|Any CPU
		{FEFB928E-CB21-44C5-BF2F-5B60DF48F2E8}.Debug|Any CPU.Deploy.0 = Debug|Any CPU
		{FEFB928E-CB21-44C5-BF2F-5B60DF48F2E8}.Release|Any CPU.ActiveCfg = Release|Any CPU
		{FEFB928E-CB21-44C5-BF2F-5B60DF48F2E8}.Release|Any CPU.Build.0 = Release|Any CPU
		{FEFB928E-CB21-44C5-BF2F-5B60DF48F2E8}.Release|Any CPU.Deploy.0 = Release|Any CPU
		{B17A79F3-71A9-441A-91AD-E456CD3E6DA9}.Debug|Any CPU.ActiveCfg = Debug|iPhone
		{B17A79F3-71A9-441A-91AD-E456CD3E6DA9}.Debug|Any CPU.Build.0 = Debug|iPhone
		{B17A79F3-71A9-441A-91AD-E456CD3E6DA9}.Debug|Any CPU.Deploy.0 = Debug|iPhone
		{B17A79F3-71A9-441A-91AD-E456CD3E6DA9}.Release|Any CPU.ActiveCfg = Release|iPhoneSimulator
		{B17A79F3-71A9-441A-91AD-E456CD3E6DA9}.Release|Any CPU.Build.0 = Release|iPhoneSimulator
		{B17A79F3-71A9-441A-91AD-E456CD3E6DA9}.Release|Any CPU.Deploy.0 = Release|iPhoneSimulator
		{D8597834-47C1-4714-86EE-751CA5FC30E2}.Debug|Any CPU.ActiveCfg = Debug|Any CPU
		{D8597834-47C1-4714-86EE-751CA5FC30E2}.Debug|Any CPU.Build.0 = Debug|Any CPU
		{D8597834-47C1-4714-86EE-751CA5FC30E2}.Debug|Any CPU.Deploy.0 = Debug|Any CPU
		{D8597834-47C1-4714-86EE-751CA5FC30E2}.Release|Any CPU.ActiveCfg = Release|Any CPU
		{D8597834-47C1-4714-86EE-751CA5FC30E2}.Release|Any CPU.Build.0 = Release|Any CPU
		{D8597834-47C1-4714-86EE-751CA5FC30E2}.Release|Any CPU.Deploy.0 = Release|Any CPU
		{8246DEE9-EA61-42AF-962B-B7F29B1EEE64}.Debug|Any CPU.ActiveCfg = Debug|Any CPU
		{8246DEE9-EA61-42AF-962B-B7F29B1EEE64}.Debug|Any CPU.Build.0 = Debug|Any CPU
		{8246DEE9-EA61-42AF-962B-B7F29B1EEE64}.Release|Any CPU.ActiveCfg = Release|Any CPU
		{8246DEE9-EA61-42AF-962B-B7F29B1EEE64}.Release|Any CPU.Build.0 = Release|Any CPU
	EndGlobalSection
	GlobalSection(SolutionProperties) = preSolution
		HideSolutionNode = FALSE
	EndGlobalSection
EndGlobal
